
Microsoft Visual Studio Solution File, Format Version 12.00
# Visual Studio Version 17
VisualStudioVersion = 17.5.33530.505
MinimumVisualStudioVersion = 10.0.40219.1
Project("{FAE04EC0-301F-11D3-BF4B-00C04F79EFBC}") = "enumeration program", "enumeration program\enumeration program.csproj", "{A833CE25-0E4F-4CFE-AFA5-680A9A304256}"
EndProject
Global
	GlobalSection(SolutionConfigurationPlatforms) = preSolution
		Debug|Any CPU = Debug|Any CPU
		Release|Any CPU = Release|Any CPU
	EndGlobalSection
	GlobalSection(ProjectConfigurationPlatforms) = postSolution
		{A833CE25-0E4F-4CFE-AFA5-680A9A304256}.Debug|Any CPU.ActiveCfg = Debug|Any CPU
		{A833CE25-0E4F-4CFE-AFA5-680A9A304256}.Debug|Any CPU.Build.0 = Debug|Any CPU
		{A833CE25-0E4F-4CFE-AFA5-680A9A304256}.Release|Any CPU.ActiveCfg = Release|Any CPU
		{A833CE25-0E4F-4CFE-AFA5-680A9A304256}.Release|Any CPU.Build.0 = Release|Any CPU
	EndGlobalSection
	GlobalSection(SolutionProperties) = preSolution
		HideSolutionNode = FALSE
	EndGlobalSection
	GlobalSection(ExtensibilityGlobals) = postSolution
		SolutionGuid = {10955AE5-02D3-4593-94F6-F680A46AEF5A}
	EndGlobalSection
EndGlobal
