
Microsoft Visual Studio Solution File, Format Version 12.00
# Visual Studio Version 17
VisualStudioVersion = 17.5.33502.453
MinimumVisualStudioVersion = 10.0.40219.1
Project("{FAE04EC0-301F-11D3-BF4B-00C04F79EFBC}") = "17  wap to accept empno, empname , basicsalary & calculate da & hra", "17  wap to accept empno, empname , basicsalary & calculate da & hra.csproj", "{FE579DBF-5EA0-47CC-BE63-AF0362A09F7C}"
EndProject
Global
	GlobalSection(SolutionConfigurationPlatforms) = preSolution
		Debug|Any CPU = Debug|Any CPU
		Release|Any CPU = Release|Any CPU
	EndGlobalSection
	GlobalSection(ProjectConfigurationPlatforms) = postSolution
		{FE579DBF-5EA0-47CC-BE63-AF0362A09F7C}.Debug|Any CPU.ActiveCfg = Debug|Any CPU
		{FE579DBF-5EA0-47CC-BE63-AF0362A09F7C}.Debug|Any CPU.Build.0 = Debug|Any CPU
		{FE579DBF-5EA0-47CC-BE63-AF0362A09F7C}.Release|Any CPU.ActiveCfg = Release|Any CPU
		{FE579DBF-5EA0-47CC-BE63-AF0362A09F7C}.Release|Any CPU.Build.0 = Release|Any CPU
	EndGlobalSection
	GlobalSection(SolutionProperties) = preSolution
		HideSolutionNode = FALSE
	EndGlobalSection
	GlobalSection(ExtensibilityGlobals) = postSolution
		SolutionGuid = {C754FDC8-CE59-4C01-A0F8-EA0A7DB61561}
	EndGlobalSection
EndGlobal
