
Microsoft Visual Studio Solution File, Format Version 12.00
# Visual Studio Version 17
VisualStudioVersion = 17.6.33723.286
MinimumVisualStudioVersion = 10.0.40219.1
Project("{FAE04EC0-301F-11D3-BF4B-00C04F79EFBC}") = "ASP20 Cookie", "ASP20 Cookie\ASP20 Cookie.csproj", "{B4AE3697-086F-4A43-AF9E-5D0A71F25D64}"
EndProject
Global
	GlobalSection(SolutionConfigurationPlatforms) = preSolution
		Debug|Any CPU = Debug|Any CPU
		Release|Any CPU = Release|Any CPU
	EndGlobalSection
	GlobalSection(ProjectConfigurationPlatforms) = postSolution
		{B4AE3697-086F-4A43-AF9E-5D0A71F25D64}.Debug|Any CPU.ActiveCfg = Debug|Any CPU
		{B4AE3697-086F-4A43-AF9E-5D0A71F25D64}.Debug|Any CPU.Build.0 = Debug|Any CPU
		{B4AE3697-086F-4A43-AF9E-5D0A71F25D64}.Release|Any CPU.ActiveCfg = Release|Any CPU
		{B4AE3697-086F-4A43-AF9E-5D0A71F25D64}.Release|Any CPU.Build.0 = Release|Any CPU
	EndGlobalSection
	GlobalSection(SolutionProperties) = preSolution
		HideSolutionNode = FALSE
	EndGlobalSection
	GlobalSection(ExtensibilityGlobals) = postSolution
		SolutionGuid = {6D213159-330F-4474-AD25-67C6756E2EDE}
	EndGlobalSection
EndGlobal
