
Microsoft Visual Studio Solution File, Format Version 12.00
# Visual Studio Version 17
VisualStudioVersion = 17.5.33516.290
MinimumVisualStudioVersion = 10.0.40219.1
Project("{FAE04EC0-301F-11D3-BF4B-00C04F79EFBC}") = "55 create method with 3 int paraeter to display total per &grade", "55 create method with 3 int paraeter to display total per &grade.csproj", "{483AAFE4-CA2F-4265-8E08-7B07368F2850}"
EndProject
Global
	GlobalSection(SolutionConfigurationPlatforms) = preSolution
		Debug|Any CPU = Debug|Any CPU
		Release|Any CPU = Release|Any CPU
	EndGlobalSection
	GlobalSection(ProjectConfigurationPlatforms) = postSolution
		{483AAFE4-CA2F-4265-8E08-7B07368F2850}.Debug|Any CPU.ActiveCfg = Debug|Any CPU
		{483AAFE4-CA2F-4265-8E08-7B07368F2850}.Debug|Any CPU.Build.0 = Debug|Any CPU
		{483AAFE4-CA2F-4265-8E08-7B07368F2850}.Release|Any CPU.ActiveCfg = Release|Any CPU
		{483AAFE4-CA2F-4265-8E08-7B07368F2850}.Release|Any CPU.Build.0 = Release|Any CPU
	EndGlobalSection
	GlobalSection(SolutionProperties) = preSolution
		HideSolutionNode = FALSE
	EndGlobalSection
	GlobalSection(ExtensibilityGlobals) = postSolution
		SolutionGuid = {9C10773E-4230-404F-A0F3-DB36CF267E0E}
	EndGlobalSection
EndGlobal
