
Microsoft Visual Studio Solution File, Format Version 12.00
# Visual Studio Version 17
VisualStudioVersion = 17.5.33530.505
MinimumVisualStudioVersion = 10.0.40219.1
Project("{FAE04EC0-301F-11D3-BF4B-00C04F79EFBC}") = "string contains()", "string contains()\string contains().csproj", "{A245CBF4-DFD6-47B5-8F52-049CDF3C013C}"
EndProject
Global
	GlobalSection(SolutionConfigurationPlatforms) = preSolution
		Debug|Any CPU = Debug|Any CPU
		Release|Any CPU = Release|Any CPU
	EndGlobalSection
	GlobalSection(ProjectConfigurationPlatforms) = postSolution
		{A245CBF4-DFD6-47B5-8F52-049CDF3C013C}.Debug|Any CPU.ActiveCfg = Debug|Any CPU
		{A245CBF4-DFD6-47B5-8F52-049CDF3C013C}.Debug|Any CPU.Build.0 = Debug|Any CPU
		{A245CBF4-DFD6-47B5-8F52-049CDF3C013C}.Release|Any CPU.ActiveCfg = Release|Any CPU
		{A245CBF4-DFD6-47B5-8F52-049CDF3C013C}.Release|Any CPU.Build.0 = Release|Any CPU
	EndGlobalSection
	GlobalSection(SolutionProperties) = preSolution
		HideSolutionNode = FALSE
	EndGlobalSection
	GlobalSection(ExtensibilityGlobals) = postSolution
		SolutionGuid = {B913AB17-CAD4-49C6-A670-4C385171B47A}
	EndGlobalSection
EndGlobal
