
Microsoft Visual Studio Solution File, Format Version 12.00
# Visual Studio Version 17
VisualStudioVersion = 17.6.33815.320
MinimumVisualStudioVersion = 10.0.40219.1
Project("{FAE04EC0-301F-11D3-BF4B-00C04F79EFBC}") = "Countrieswithajax", "Countrieswithajax\Countrieswithajax.csproj", "{3EBFAA0B-2D0E-4FBA-9544-F9116970902D}"
EndProject
Global
	GlobalSection(SolutionConfigurationPlatforms) = preSolution
		Debug|Any CPU = Debug|Any CPU
		Release|Any CPU = Release|Any CPU
	EndGlobalSection
	GlobalSection(ProjectConfigurationPlatforms) = postSolution
		{3EBFAA0B-2D0E-4FBA-9544-F9116970902D}.Debug|Any CPU.ActiveCfg = Debug|Any CPU
		{3EBFAA0B-2D0E-4FBA-9544-F9116970902D}.Debug|Any CPU.Build.0 = Debug|Any CPU
		{3EBFAA0B-2D0E-4FBA-9544-F9116970902D}.Release|Any CPU.ActiveCfg = Release|Any CPU
		{3EBFAA0B-2D0E-4FBA-9544-F9116970902D}.Release|Any CPU.Build.0 = Release|Any CPU
	EndGlobalSection
	GlobalSection(SolutionProperties) = preSolution
		HideSolutionNode = FALSE
	EndGlobalSection
	GlobalSection(ExtensibilityGlobals) = postSolution
		SolutionGuid = {1828790B-5A17-4ED0-9E72-1C09D96FCED7}
	EndGlobalSection
EndGlobal
