
Microsoft Visual Studio Solution File, Format Version 12.00
# Visual Studio Version 17
VisualStudioVersion = 17.5.33530.505
MinimumVisualStudioVersion = 10.0.40219.1
Project("{FAE04EC0-301F-11D3-BF4B-00C04F79EFBC}") = "ado.net 16-5-23", "ado.net 16-5-23\ado.net 16-5-23.csproj", "{2C646592-B7E3-4AB2-8D47-1BA93E0DBC27}"
EndProject
Global
	GlobalSection(SolutionConfigurationPlatforms) = preSolution
		Debug|Any CPU = Debug|Any CPU
		Release|Any CPU = Release|Any CPU
	EndGlobalSection
	GlobalSection(ProjectConfigurationPlatforms) = postSolution
		{2C646592-B7E3-4AB2-8D47-1BA93E0DBC27}.Debug|Any CPU.ActiveCfg = Debug|Any CPU
		{2C646592-B7E3-4AB2-8D47-1BA93E0DBC27}.Debug|Any CPU.Build.0 = Debug|Any CPU
		{2C646592-B7E3-4AB2-8D47-1BA93E0DBC27}.Release|Any CPU.ActiveCfg = Release|Any CPU
		{2C646592-B7E3-4AB2-8D47-1BA93E0DBC27}.Release|Any CPU.Build.0 = Release|Any CPU
	EndGlobalSection
	GlobalSection(SolutionProperties) = preSolution
		HideSolutionNode = FALSE
	EndGlobalSection
	GlobalSection(ExtensibilityGlobals) = postSolution
		SolutionGuid = {B13EF767-9E08-4F11-8F0F-28EC35CA2F24}
	EndGlobalSection
EndGlobal
