
Microsoft Visual Studio Solution File, Format Version 12.00
# Visual Studio Version 17
VisualStudioVersion = 17.6.33723.286
MinimumVisualStudioVersion = 10.0.40219.1
Project("{FAE04EC0-301F-11D3-BF4B-00C04F79EFBC}") = "ASP17", "ASP17\ASP17.csproj", "{9BE16BB3-D9C0-4490-BEC3-8F8913713871}"
EndProject
Global
	GlobalSection(SolutionConfigurationPlatforms) = preSolution
		Debug|Any CPU = Debug|Any CPU
		Release|Any CPU = Release|Any CPU
	EndGlobalSection
	GlobalSection(ProjectConfigurationPlatforms) = postSolution
		{9BE16BB3-D9C0-4490-BEC3-8F8913713871}.Debug|Any CPU.ActiveCfg = Debug|Any CPU
		{9BE16BB3-D9C0-4490-BEC3-8F8913713871}.Debug|Any CPU.Build.0 = Debug|Any CPU
		{9BE16BB3-D9C0-4490-BEC3-8F8913713871}.Release|Any CPU.ActiveCfg = Release|Any CPU
		{9BE16BB3-D9C0-4490-BEC3-8F8913713871}.Release|Any CPU.Build.0 = Release|Any CPU
	EndGlobalSection
	GlobalSection(SolutionProperties) = preSolution
		HideSolutionNode = FALSE
	EndGlobalSection
	GlobalSection(ExtensibilityGlobals) = postSolution
		SolutionGuid = {23ECC5EB-B614-4ED9-9AFC-FD505504159E}
	EndGlobalSection
EndGlobal
