
Microsoft Visual Studio Solution File, Format Version 12.00
# Visual Studio Version 17
VisualStudioVersion = 17.5.33530.505
MinimumVisualStudioVersion = 10.0.40219.1
Project("{FAE04EC0-301F-11D3-BF4B-00C04F79EFBC}") = "string concate", "string concate\string concate.csproj", "{062664E0-AF12-40DD-97E4-0A66CE9EAB0E}"
EndProject
Global
	GlobalSection(SolutionConfigurationPlatforms) = preSolution
		Debug|Any CPU = Debug|Any CPU
		Release|Any CPU = Release|Any CPU
	EndGlobalSection
	GlobalSection(ProjectConfigurationPlatforms) = postSolution
		{062664E0-AF12-40DD-97E4-0A66CE9EAB0E}.Debug|Any CPU.ActiveCfg = Debug|Any CPU
		{062664E0-AF12-40DD-97E4-0A66CE9EAB0E}.Debug|Any CPU.Build.0 = Debug|Any CPU
		{062664E0-AF12-40DD-97E4-0A66CE9EAB0E}.Release|Any CPU.ActiveCfg = Release|Any CPU
		{062664E0-AF12-40DD-97E4-0A66CE9EAB0E}.Release|Any CPU.Build.0 = Release|Any CPU
	EndGlobalSection
	GlobalSection(SolutionProperties) = preSolution
		HideSolutionNode = FALSE
	EndGlobalSection
	GlobalSection(ExtensibilityGlobals) = postSolution
		SolutionGuid = {116B55D4-7C4D-483C-8DCF-B83B60C3F3D6}
	EndGlobalSection
EndGlobal
