
Microsoft Visual Studio Solution File, Format Version 12.00
# Visual Studio Version 17
VisualStudioVersion = 17.5.33502.453
MinimumVisualStudioVersion = 10.0.40219.1
Project("{FAE04EC0-301F-11D3-BF4B-00C04F79EFBC}") = "8 addition of 3", "8 addition of 3.csproj", "{9EF51301-5ED6-4390-82AD-5C3282443E3D}"
EndProject
Global
	GlobalSection(SolutionConfigurationPlatforms) = preSolution
		Debug|Any CPU = Debug|Any CPU
		Release|Any CPU = Release|Any CPU
	EndGlobalSection
	GlobalSection(ProjectConfigurationPlatforms) = postSolution
		{9EF51301-5ED6-4390-82AD-5C3282443E3D}.Debug|Any CPU.ActiveCfg = Debug|Any CPU
		{9EF51301-5ED6-4390-82AD-5C3282443E3D}.Debug|Any CPU.Build.0 = Debug|Any CPU
		{9EF51301-5ED6-4390-82AD-5C3282443E3D}.Release|Any CPU.ActiveCfg = Release|Any CPU
		{9EF51301-5ED6-4390-82AD-5C3282443E3D}.Release|Any CPU.Build.0 = Release|Any CPU
	EndGlobalSection
	GlobalSection(SolutionProperties) = preSolution
		HideSolutionNode = FALSE
	EndGlobalSection
	GlobalSection(ExtensibilityGlobals) = postSolution
		SolutionGuid = {D67E1F83-3887-4C35-90D4-FDADC371B20B}
	EndGlobalSection
EndGlobal
