
Microsoft Visual Studio Solution File, Format Version 12.00
# Visual Studio Version 17
VisualStudioVersion = 17.5.33516.290
MinimumVisualStudioVersion = 10.0.40219.1
Project("{FAE04EC0-301F-11D3-BF4B-00C04F79EFBC}") = "62 pass by value", "62 pass by value.csproj", "{6429BF5E-B266-4860-9CE7-DA73C571EBF7}"
EndProject
Global
	GlobalSection(SolutionConfigurationPlatforms) = preSolution
		Debug|Any CPU = Debug|Any CPU
		Release|Any CPU = Release|Any CPU
	EndGlobalSection
	GlobalSection(ProjectConfigurationPlatforms) = postSolution
		{6429BF5E-B266-4860-9CE7-DA73C571EBF7}.Debug|Any CPU.ActiveCfg = Debug|Any CPU
		{6429BF5E-B266-4860-9CE7-DA73C571EBF7}.Debug|Any CPU.Build.0 = Debug|Any CPU
		{6429BF5E-B266-4860-9CE7-DA73C571EBF7}.Release|Any CPU.ActiveCfg = Release|Any CPU
		{6429BF5E-B266-4860-9CE7-DA73C571EBF7}.Release|Any CPU.Build.0 = Release|Any CPU
	EndGlobalSection
	GlobalSection(SolutionProperties) = preSolution
		HideSolutionNode = FALSE
	EndGlobalSection
	GlobalSection(ExtensibilityGlobals) = postSolution
		SolutionGuid = {B90E7B95-531A-4C81-8DAE-0F941191A4A9}
	EndGlobalSection
EndGlobal
