
Microsoft Visual Studio Solution File, Format Version 12.00
# Visual Studio Version 17
VisualStudioVersion = 17.6.33723.286
MinimumVisualStudioVersion = 10.0.40219.1
Project("{FAE04EC0-301F-11D3-BF4B-00C04F79EFBC}") = "ASP12", "ASP12\ASP12.csproj", "{742401CE-0F64-45E3-8FD6-49E42598B30F}"
EndProject
Global
	GlobalSection(SolutionConfigurationPlatforms) = preSolution
		Debug|Any CPU = Debug|Any CPU
		Release|Any CPU = Release|Any CPU
	EndGlobalSection
	GlobalSection(ProjectConfigurationPlatforms) = postSolution
		{742401CE-0F64-45E3-8FD6-49E42598B30F}.Debug|Any CPU.ActiveCfg = Debug|Any CPU
		{742401CE-0F64-45E3-8FD6-49E42598B30F}.Debug|Any CPU.Build.0 = Debug|Any CPU
		{742401CE-0F64-45E3-8FD6-49E42598B30F}.Release|Any CPU.ActiveCfg = Release|Any CPU
		{742401CE-0F64-45E3-8FD6-49E42598B30F}.Release|Any CPU.Build.0 = Release|Any CPU
	EndGlobalSection
	GlobalSection(SolutionProperties) = preSolution
		HideSolutionNode = FALSE
	EndGlobalSection
	GlobalSection(ExtensibilityGlobals) = postSolution
		SolutionGuid = {110D9EA3-DBDC-4A02-BDD3-4E7D9B8C7E93}
	EndGlobalSection
EndGlobal
