
Microsoft Visual Studio Solution File, Format Version 12.00
# Visual Studio Version 17
VisualStudioVersion = 17.6.33815.320
MinimumVisualStudioVersion = 10.0.40219.1
Project("{FAE04EC0-301F-11D3-BF4B-00C04F79EFBC}") = "Signup form", "Signup form\Signup form.csproj", "{B9A72F30-F9DF-4E2C-8D11-9266C6BFA6FA}"
EndProject
Global
	GlobalSection(SolutionConfigurationPlatforms) = preSolution
		Debug|Any CPU = Debug|Any CPU
		Release|Any CPU = Release|Any CPU
	EndGlobalSection
	GlobalSection(ProjectConfigurationPlatforms) = postSolution
		{B9A72F30-F9DF-4E2C-8D11-9266C6BFA6FA}.Debug|Any CPU.ActiveCfg = Debug|Any CPU
		{B9A72F30-F9DF-4E2C-8D11-9266C6BFA6FA}.Debug|Any CPU.Build.0 = Debug|Any CPU
		{B9A72F30-F9DF-4E2C-8D11-9266C6BFA6FA}.Release|Any CPU.ActiveCfg = Release|Any CPU
		{B9A72F30-F9DF-4E2C-8D11-9266C6BFA6FA}.Release|Any CPU.Build.0 = Release|Any CPU
	EndGlobalSection
	GlobalSection(SolutionProperties) = preSolution
		HideSolutionNode = FALSE
	EndGlobalSection
	GlobalSection(ExtensibilityGlobals) = postSolution
		SolutionGuid = {DC0EC48E-1392-4B29-96E1-65C54D0872F2}
	EndGlobalSection
EndGlobal
