
Microsoft Visual Studio Solution File, Format Version 12.00
# Visual Studio Version 17
VisualStudioVersion = 17.5.33530.505
MinimumVisualStudioVersion = 10.0.40219.1
Project("{FAE04EC0-301F-11D3-BF4B-00C04F79EFBC}") = "static field example 2", "static field example 2\static field example 2.csproj", "{AE4C0A60-539B-442B-B00A-B2024E93A732}"
EndProject
Global
	GlobalSection(SolutionConfigurationPlatforms) = preSolution
		Debug|Any CPU = Debug|Any CPU
		Release|Any CPU = Release|Any CPU
	EndGlobalSection
	GlobalSection(ProjectConfigurationPlatforms) = postSolution
		{AE4C0A60-539B-442B-B00A-B2024E93A732}.Debug|Any CPU.ActiveCfg = Debug|Any CPU
		{AE4C0A60-539B-442B-B00A-B2024E93A732}.Debug|Any CPU.Build.0 = Debug|Any CPU
		{AE4C0A60-539B-442B-B00A-B2024E93A732}.Release|Any CPU.ActiveCfg = Release|Any CPU
		{AE4C0A60-539B-442B-B00A-B2024E93A732}.Release|Any CPU.Build.0 = Release|Any CPU
	EndGlobalSection
	GlobalSection(SolutionProperties) = preSolution
		HideSolutionNode = FALSE
	EndGlobalSection
	GlobalSection(ExtensibilityGlobals) = postSolution
		SolutionGuid = {71AD8D41-E9B8-4C01-8970-8B471420CE89}
	EndGlobalSection
EndGlobal
