
Microsoft Visual Studio Solution File, Format Version 12.00
# Visual Studio Version 17
VisualStudioVersion = 17.5.33516.290
MinimumVisualStudioVersion = 10.0.40219.1
Project("{FAE04EC0-301F-11D3-BF4B-00C04F79EFBC}") = "multi level inheritance", "multi level inheritance.csproj", "{FFD2C565-28B2-44DF-B205-BC181FFD83AD}"
EndProject
Global
	GlobalSection(SolutionConfigurationPlatforms) = preSolution
		Debug|Any CPU = Debug|Any CPU
		Release|Any CPU = Release|Any CPU
	EndGlobalSection
	GlobalSection(ProjectConfigurationPlatforms) = postSolution
		{FFD2C565-28B2-44DF-B205-BC181FFD83AD}.Debug|Any CPU.ActiveCfg = Debug|Any CPU
		{FFD2C565-28B2-44DF-B205-BC181FFD83AD}.Debug|Any CPU.Build.0 = Debug|Any CPU
		{FFD2C565-28B2-44DF-B205-BC181FFD83AD}.Release|Any CPU.ActiveCfg = Release|Any CPU
		{FFD2C565-28B2-44DF-B205-BC181FFD83AD}.Release|Any CPU.Build.0 = Release|Any CPU
	EndGlobalSection
	GlobalSection(SolutionProperties) = preSolution
		HideSolutionNode = FALSE
	EndGlobalSection
	GlobalSection(ExtensibilityGlobals) = postSolution
		SolutionGuid = {2CEBB891-23EF-4E40-9E6F-480D77EBA970}
	EndGlobalSection
EndGlobal
