
Microsoft Visual Studio Solution File, Format Version 12.00
# Visual Studio Version 17
VisualStudioVersion = 17.6.33723.286
MinimumVisualStudioVersion = 10.0.40219.1
Project("{FAE04EC0-301F-11D3-BF4B-00C04F79EFBC}") = "ASP9", "ASP9\ASP9.csproj", "{D9C69E0A-73D0-40DE-B791-B2A4366A675C}"
EndProject
Global
	GlobalSection(SolutionConfigurationPlatforms) = preSolution
		Debug|Any CPU = Debug|Any CPU
		Release|Any CPU = Release|Any CPU
	EndGlobalSection
	GlobalSection(ProjectConfigurationPlatforms) = postSolution
		{D9C69E0A-73D0-40DE-B791-B2A4366A675C}.Debug|Any CPU.ActiveCfg = Debug|Any CPU
		{D9C69E0A-73D0-40DE-B791-B2A4366A675C}.Debug|Any CPU.Build.0 = Debug|Any CPU
		{D9C69E0A-73D0-40DE-B791-B2A4366A675C}.Release|Any CPU.ActiveCfg = Release|Any CPU
		{D9C69E0A-73D0-40DE-B791-B2A4366A675C}.Release|Any CPU.Build.0 = Release|Any CPU
	EndGlobalSection
	GlobalSection(SolutionProperties) = preSolution
		HideSolutionNode = FALSE
	EndGlobalSection
	GlobalSection(ExtensibilityGlobals) = postSolution
		SolutionGuid = {007938AC-A051-4F56-A49F-2B02FC4DBBAC}
	EndGlobalSection
EndGlobal
