
Microsoft Visual Studio Solution File, Format Version 12.00
# Visual Studio Version 17
VisualStudioVersion = 17.5.33502.453
MinimumVisualStudioVersion = 10.0.40219.1
Project("{FAE04EC0-301F-11D3-BF4B-00C04F79EFBC}") = "14 accept two number and perform operator operation and display", "14 accept two number and perform operator operation and display.csproj", "{4F37204A-A3F6-44C7-9BD9-6E6AF5E0E3B5}"
EndProject
Global
	GlobalSection(SolutionConfigurationPlatforms) = preSolution
		Debug|Any CPU = Debug|Any CPU
		Release|Any CPU = Release|Any CPU
	EndGlobalSection
	GlobalSection(ProjectConfigurationPlatforms) = postSolution
		{4F37204A-A3F6-44C7-9BD9-6E6AF5E0E3B5}.Debug|Any CPU.ActiveCfg = Debug|Any CPU
		{4F37204A-A3F6-44C7-9BD9-6E6AF5E0E3B5}.Debug|Any CPU.Build.0 = Debug|Any CPU
		{4F37204A-A3F6-44C7-9BD9-6E6AF5E0E3B5}.Release|Any CPU.ActiveCfg = Release|Any CPU
		{4F37204A-A3F6-44C7-9BD9-6E6AF5E0E3B5}.Release|Any CPU.Build.0 = Release|Any CPU
	EndGlobalSection
	GlobalSection(SolutionProperties) = preSolution
		HideSolutionNode = FALSE
	EndGlobalSection
	GlobalSection(ExtensibilityGlobals) = postSolution
		SolutionGuid = {33337074-01DE-49B5-AC90-6C729F80C24F}
	EndGlobalSection
EndGlobal
