
Microsoft Visual Studio Solution File, Format Version 12.00
# Visual Studio Version 17
VisualStudioVersion = 17.5.33516.290
MinimumVisualStudioVersion = 10.0.40219.1
Project("{FAE04EC0-301F-11D3-BF4B-00C04F79EFBC}") = "multilevel inheritance assignment", "multilevel inheritance assignment.csproj", "{A558BEB7-D8A9-4593-9050-5C90A69AC658}"
EndProject
Global
	GlobalSection(SolutionConfigurationPlatforms) = preSolution
		Debug|Any CPU = Debug|Any CPU
		Release|Any CPU = Release|Any CPU
	EndGlobalSection
	GlobalSection(ProjectConfigurationPlatforms) = postSolution
		{A558BEB7-D8A9-4593-9050-5C90A69AC658}.Debug|Any CPU.ActiveCfg = Debug|Any CPU
		{A558BEB7-D8A9-4593-9050-5C90A69AC658}.Debug|Any CPU.Build.0 = Debug|Any CPU
		{A558BEB7-D8A9-4593-9050-5C90A69AC658}.Release|Any CPU.ActiveCfg = Release|Any CPU
		{A558BEB7-D8A9-4593-9050-5C90A69AC658}.Release|Any CPU.Build.0 = Release|Any CPU
	EndGlobalSection
	GlobalSection(SolutionProperties) = preSolution
		HideSolutionNode = FALSE
	EndGlobalSection
	GlobalSection(ExtensibilityGlobals) = postSolution
		SolutionGuid = {C770695B-0CCA-4881-BC52-F56F92B92D46}
	EndGlobalSection
EndGlobal
