
Microsoft Visual Studio Solution File, Format Version 12.00
# Visual Studio Version 17
VisualStudioVersion = 17.6.33723.286
MinimumVisualStudioVersion = 10.0.40219.1
Project("{FAE04EC0-301F-11D3-BF4B-00C04F79EFBC}") = "fendahl 3", "fendahl 3\fendahl 3.csproj", "{4F352A77-6F38-48F2-A0F7-3AC419496453}"
EndProject
Global
	GlobalSection(SolutionConfigurationPlatforms) = preSolution
		Debug|Any CPU = Debug|Any CPU
		Release|Any CPU = Release|Any CPU
	EndGlobalSection
	GlobalSection(ProjectConfigurationPlatforms) = postSolution
		{4F352A77-6F38-48F2-A0F7-3AC419496453}.Debug|Any CPU.ActiveCfg = Debug|Any CPU
		{4F352A77-6F38-48F2-A0F7-3AC419496453}.Debug|Any CPU.Build.0 = Debug|Any CPU
		{4F352A77-6F38-48F2-A0F7-3AC419496453}.Release|Any CPU.ActiveCfg = Release|Any CPU
		{4F352A77-6F38-48F2-A0F7-3AC419496453}.Release|Any CPU.Build.0 = Release|Any CPU
	EndGlobalSection
	GlobalSection(SolutionProperties) = preSolution
		HideSolutionNode = FALSE
	EndGlobalSection
	GlobalSection(ExtensibilityGlobals) = postSolution
		SolutionGuid = {1357597F-6B26-44AC-AD29-98FC2EDA5145}
	EndGlobalSection
EndGlobal
