
Microsoft Visual Studio Solution File, Format Version 12.00
# Visual Studio Version 17
VisualStudioVersion = 17.6.33815.320
MinimumVisualStudioVersion = 10.0.40219.1
Project("{FAE04EC0-301F-11D3-BF4B-00C04F79EFBC}") = "validation summary", "validation summary\validation summary.csproj", "{D8B88404-57AE-4AC7-9561-90C6CD362786}"
EndProject
Global
	GlobalSection(SolutionConfigurationPlatforms) = preSolution
		Debug|Any CPU = Debug|Any CPU
		Release|Any CPU = Release|Any CPU
	EndGlobalSection
	GlobalSection(ProjectConfigurationPlatforms) = postSolution
		{D8B88404-57AE-4AC7-9561-90C6CD362786}.Debug|Any CPU.ActiveCfg = Debug|Any CPU
		{D8B88404-57AE-4AC7-9561-90C6CD362786}.Debug|Any CPU.Build.0 = Debug|Any CPU
		{D8B88404-57AE-4AC7-9561-90C6CD362786}.Release|Any CPU.ActiveCfg = Release|Any CPU
		{D8B88404-57AE-4AC7-9561-90C6CD362786}.Release|Any CPU.Build.0 = Release|Any CPU
	EndGlobalSection
	GlobalSection(SolutionProperties) = preSolution
		HideSolutionNode = FALSE
	EndGlobalSection
	GlobalSection(ExtensibilityGlobals) = postSolution
		SolutionGuid = {87C58189-3A5B-4357-8AEC-1F39892AD1A1}
	EndGlobalSection
EndGlobal
