
Microsoft Visual Studio Solution File, Format Version 12.00
# Visual Studio Version 17
VisualStudioVersion = 17.5.33530.505
MinimumVisualStudioVersion = 10.0.40219.1
Project("{FAE04EC0-301F-11D3-BF4B-00C04F79EFBC}") = "example of static field", "example of static field\example of static field.csproj", "{E241555B-4430-4755-A801-2776F2E9D238}"
EndProject
Global
	GlobalSection(SolutionConfigurationPlatforms) = preSolution
		Debug|Any CPU = Debug|Any CPU
		Release|Any CPU = Release|Any CPU
	EndGlobalSection
	GlobalSection(ProjectConfigurationPlatforms) = postSolution
		{E241555B-4430-4755-A801-2776F2E9D238}.Debug|Any CPU.ActiveCfg = Debug|Any CPU
		{E241555B-4430-4755-A801-2776F2E9D238}.Debug|Any CPU.Build.0 = Debug|Any CPU
		{E241555B-4430-4755-A801-2776F2E9D238}.Release|Any CPU.ActiveCfg = Release|Any CPU
		{E241555B-4430-4755-A801-2776F2E9D238}.Release|Any CPU.Build.0 = Release|Any CPU
	EndGlobalSection
	GlobalSection(SolutionProperties) = preSolution
		HideSolutionNode = FALSE
	EndGlobalSection
	GlobalSection(ExtensibilityGlobals) = postSolution
		SolutionGuid = {BA1AC488-8973-42B1-960D-794CD5564B27}
	EndGlobalSection
EndGlobal
