
Microsoft Visual Studio Solution File, Format Version 12.00
# Visual Studio Version 17
VisualStudioVersion = 17.5.33502.453
MinimumVisualStudioVersion = 10.0.40219.1
Project("{FAE04EC0-301F-11D3-BF4B-00C04F79EFBC}") = "18 wap to accept empno, empname , designation & dispaly bonus", "18 wap to accept empno, empname , designation & dispaly bonus.csproj", "{18C7F4C2-555D-4F0C-8CA4-4F22CE033EDD}"
EndProject
Global
	GlobalSection(SolutionConfigurationPlatforms) = preSolution
		Debug|Any CPU = Debug|Any CPU
		Release|Any CPU = Release|Any CPU
	EndGlobalSection
	GlobalSection(ProjectConfigurationPlatforms) = postSolution
		{18C7F4C2-555D-4F0C-8CA4-4F22CE033EDD}.Debug|Any CPU.ActiveCfg = Debug|Any CPU
		{18C7F4C2-555D-4F0C-8CA4-4F22CE033EDD}.Debug|Any CPU.Build.0 = Debug|Any CPU
		{18C7F4C2-555D-4F0C-8CA4-4F22CE033EDD}.Release|Any CPU.ActiveCfg = Release|Any CPU
		{18C7F4C2-555D-4F0C-8CA4-4F22CE033EDD}.Release|Any CPU.Build.0 = Release|Any CPU
	EndGlobalSection
	GlobalSection(SolutionProperties) = preSolution
		HideSolutionNode = FALSE
	EndGlobalSection
	GlobalSection(ExtensibilityGlobals) = postSolution
		SolutionGuid = {D31DF985-926F-4844-8CB2-E6DEB09F8453}
	EndGlobalSection
EndGlobal
