
Microsoft Visual Studio Solution File, Format Version 12.00
# Visual Studio Version 17
VisualStudioVersion = 17.5.33502.453
MinimumVisualStudioVersion = 10.0.40219.1
Project("{FAE04EC0-301F-11D3-BF4B-00C04F79EFBC}") = "21 wap to accept character and display it whether it is vowel or not", "21 wap to accept character and display it whether it is vowel or not.csproj", "{B3266A51-9CD3-484D-BE34-06FD53D47DF7}"
EndProject
Global
	GlobalSection(SolutionConfigurationPlatforms) = preSolution
		Debug|Any CPU = Debug|Any CPU
		Release|Any CPU = Release|Any CPU
	EndGlobalSection
	GlobalSection(ProjectConfigurationPlatforms) = postSolution
		{B3266A51-9CD3-484D-BE34-06FD53D47DF7}.Debug|Any CPU.ActiveCfg = Debug|Any CPU
		{B3266A51-9CD3-484D-BE34-06FD53D47DF7}.Debug|Any CPU.Build.0 = Debug|Any CPU
		{B3266A51-9CD3-484D-BE34-06FD53D47DF7}.Release|Any CPU.ActiveCfg = Release|Any CPU
		{B3266A51-9CD3-484D-BE34-06FD53D47DF7}.Release|Any CPU.Build.0 = Release|Any CPU
	EndGlobalSection
	GlobalSection(SolutionProperties) = preSolution
		HideSolutionNode = FALSE
	EndGlobalSection
	GlobalSection(ExtensibilityGlobals) = postSolution
		SolutionGuid = {B826EA99-1A95-4C00-8A73-5C3F19EC6519}
	EndGlobalSection
EndGlobal
