
Microsoft Visual Studio Solution File, Format Version 12.00
# Visual Studio Version 17
VisualStudioVersion = 17.5.33516.290
MinimumVisualStudioVersion = 10.0.40219.1
Project("{FAE04EC0-301F-11D3-BF4B-00C04F79EFBC}") = "ARRAY NEXT AND DISPLAY", "ARRAY NEXT AND DISPLAY.csproj", "{EEA7F92A-CD35-4F7F-89B0-565FBDACCB80}"
EndProject
Global
	GlobalSection(SolutionConfigurationPlatforms) = preSolution
		Debug|Any CPU = Debug|Any CPU
		Release|Any CPU = Release|Any CPU
	EndGlobalSection
	GlobalSection(ProjectConfigurationPlatforms) = postSolution
		{EEA7F92A-CD35-4F7F-89B0-565FBDACCB80}.Debug|Any CPU.ActiveCfg = Debug|Any CPU
		{EEA7F92A-CD35-4F7F-89B0-565FBDACCB80}.Debug|Any CPU.Build.0 = Debug|Any CPU
		{EEA7F92A-CD35-4F7F-89B0-565FBDACCB80}.Release|Any CPU.ActiveCfg = Release|Any CPU
		{EEA7F92A-CD35-4F7F-89B0-565FBDACCB80}.Release|Any CPU.Build.0 = Release|Any CPU
	EndGlobalSection
	GlobalSection(SolutionProperties) = preSolution
		HideSolutionNode = FALSE
	EndGlobalSection
	GlobalSection(ExtensibilityGlobals) = postSolution
		SolutionGuid = {287C9C7A-4A5C-4F58-8698-25EB84365D78}
	EndGlobalSection
EndGlobal
