
Microsoft Visual Studio Solution File, Format Version 12.00
# Visual Studio Version 17
VisualStudioVersion = 17.6.33723.286
MinimumVisualStudioVersion = 10.0.40219.1
Project("{FAE04EC0-301F-11D3-BF4B-00C04F79EFBC}") = "session example", "session example\session example.csproj", "{87FEE56B-2B63-48B3-9513-D97E71A95704}"
EndProject
Global
	GlobalSection(SolutionConfigurationPlatforms) = preSolution
		Debug|Any CPU = Debug|Any CPU
		Release|Any CPU = Release|Any CPU
	EndGlobalSection
	GlobalSection(ProjectConfigurationPlatforms) = postSolution
		{87FEE56B-2B63-48B3-9513-D97E71A95704}.Debug|Any CPU.ActiveCfg = Debug|Any CPU
		{87FEE56B-2B63-48B3-9513-D97E71A95704}.Debug|Any CPU.Build.0 = Debug|Any CPU
		{87FEE56B-2B63-48B3-9513-D97E71A95704}.Release|Any CPU.ActiveCfg = Release|Any CPU
		{87FEE56B-2B63-48B3-9513-D97E71A95704}.Release|Any CPU.Build.0 = Release|Any CPU
	EndGlobalSection
	GlobalSection(SolutionProperties) = preSolution
		HideSolutionNode = FALSE
	EndGlobalSection
	GlobalSection(ExtensibilityGlobals) = postSolution
		SolutionGuid = {87060A18-FCCB-49B9-9D5A-AF42481F4531}
	EndGlobalSection
EndGlobal
