
Microsoft Visual Studio Solution File, Format Version 12.00
# Visual Studio Version 17
VisualStudioVersion = 17.5.33516.290
MinimumVisualStudioVersion = 10.0.40219.1
Project("{FAE04EC0-301F-11D3-BF4B-00C04F79EFBC}") = "45 program to accept a value unless user enters 0 value", "45 program to accept a value unless user enters 0 value.csproj", "{AE2623C0-BB96-42D7-86F9-21377D2A7007}"
EndProject
Global
	GlobalSection(SolutionConfigurationPlatforms) = preSolution
		Debug|Any CPU = Debug|Any CPU
		Release|Any CPU = Release|Any CPU
	EndGlobalSection
	GlobalSection(ProjectConfigurationPlatforms) = postSolution
		{AE2623C0-BB96-42D7-86F9-21377D2A7007}.Debug|Any CPU.ActiveCfg = Debug|Any CPU
		{AE2623C0-BB96-42D7-86F9-21377D2A7007}.Debug|Any CPU.Build.0 = Debug|Any CPU
		{AE2623C0-BB96-42D7-86F9-21377D2A7007}.Release|Any CPU.ActiveCfg = Release|Any CPU
		{AE2623C0-BB96-42D7-86F9-21377D2A7007}.Release|Any CPU.Build.0 = Release|Any CPU
	EndGlobalSection
	GlobalSection(SolutionProperties) = preSolution
		HideSolutionNode = FALSE
	EndGlobalSection
	GlobalSection(ExtensibilityGlobals) = postSolution
		SolutionGuid = {B9011453-B839-426E-82EC-BDC8BC16FF57}
	EndGlobalSection
EndGlobal
