
Microsoft Visual Studio Solution File, Format Version 12.00
# Visual Studio Version 17
VisualStudioVersion = 17.5.33502.453
MinimumVisualStudioVersion = 10.0.40219.1
Project("{FAE04EC0-301F-11D3-BF4B-00C04F79EFBC}") = "wap to accept productname, rate, qty calculate totalamt & discount", "wap to accept productname, rate, qty calculate totalamt & discount.csproj", "{2639DE74-0A9D-4427-981C-EE8649B2AD01}"
EndProject
Global
	GlobalSection(SolutionConfigurationPlatforms) = preSolution
		Debug|Any CPU = Debug|Any CPU
		Release|Any CPU = Release|Any CPU
	EndGlobalSection
	GlobalSection(ProjectConfigurationPlatforms) = postSolution
		{2639DE74-0A9D-4427-981C-EE8649B2AD01}.Debug|Any CPU.ActiveCfg = Debug|Any CPU
		{2639DE74-0A9D-4427-981C-EE8649B2AD01}.Debug|Any CPU.Build.0 = Debug|Any CPU
		{2639DE74-0A9D-4427-981C-EE8649B2AD01}.Release|Any CPU.ActiveCfg = Release|Any CPU
		{2639DE74-0A9D-4427-981C-EE8649B2AD01}.Release|Any CPU.Build.0 = Release|Any CPU
	EndGlobalSection
	GlobalSection(SolutionProperties) = preSolution
		HideSolutionNode = FALSE
	EndGlobalSection
	GlobalSection(ExtensibilityGlobals) = postSolution
		SolutionGuid = {9F2ED65B-D37F-48C7-9E3F-40419CE3601A}
	EndGlobalSection
EndGlobal
