
Microsoft Visual Studio Solution File, Format Version 12.00
# Visual Studio Version 17
VisualStudioVersion = 17.5.33516.290
MinimumVisualStudioVersion = 10.0.40219.1
Project("{FAE04EC0-301F-11D3-BF4B-00C04F79EFBC}") = "single level inheritance with methods", "single level inheritance with methods.csproj", "{B52F0F4D-AC51-4B09-90A8-74184B620423}"
EndProject
Global
	GlobalSection(SolutionConfigurationPlatforms) = preSolution
		Debug|Any CPU = Debug|Any CPU
		Release|Any CPU = Release|Any CPU
	EndGlobalSection
	GlobalSection(ProjectConfigurationPlatforms) = postSolution
		{B52F0F4D-AC51-4B09-90A8-74184B620423}.Debug|Any CPU.ActiveCfg = Debug|Any CPU
		{B52F0F4D-AC51-4B09-90A8-74184B620423}.Debug|Any CPU.Build.0 = Debug|Any CPU
		{B52F0F4D-AC51-4B09-90A8-74184B620423}.Release|Any CPU.ActiveCfg = Release|Any CPU
		{B52F0F4D-AC51-4B09-90A8-74184B620423}.Release|Any CPU.Build.0 = Release|Any CPU
	EndGlobalSection
	GlobalSection(SolutionProperties) = preSolution
		HideSolutionNode = FALSE
	EndGlobalSection
	GlobalSection(ExtensibilityGlobals) = postSolution
		SolutionGuid = {EC7992D2-9899-475A-90E7-CFAD56A92D3B}
	EndGlobalSection
EndGlobal
