
Microsoft Visual Studio Solution File, Format Version 12.00
# Visual Studio Version 17
VisualStudioVersion = 17.6.33723.286
MinimumVisualStudioVersion = 10.0.40219.1
Project("{FAE04EC0-301F-11D3-BF4B-00C04F79EFBC}") = "ASP8", "ASP8\ASP8.csproj", "{F299C80E-D431-4CEF-BDB0-97A876AC7B87}"
EndProject
Global
	GlobalSection(SolutionConfigurationPlatforms) = preSolution
		Debug|Any CPU = Debug|Any CPU
		Release|Any CPU = Release|Any CPU
	EndGlobalSection
	GlobalSection(ProjectConfigurationPlatforms) = postSolution
		{F299C80E-D431-4CEF-BDB0-97A876AC7B87}.Debug|Any CPU.ActiveCfg = Debug|Any CPU
		{F299C80E-D431-4CEF-BDB0-97A876AC7B87}.Debug|Any CPU.Build.0 = Debug|Any CPU
		{F299C80E-D431-4CEF-BDB0-97A876AC7B87}.Release|Any CPU.ActiveCfg = Release|Any CPU
		{F299C80E-D431-4CEF-BDB0-97A876AC7B87}.Release|Any CPU.Build.0 = Release|Any CPU
	EndGlobalSection
	GlobalSection(SolutionProperties) = preSolution
		HideSolutionNode = FALSE
	EndGlobalSection
	GlobalSection(ExtensibilityGlobals) = postSolution
		SolutionGuid = {2C8EFA92-244F-4D0F-9727-6881BC5B4386}
	EndGlobalSection
EndGlobal
