
Microsoft Visual Studio Solution File, Format Version 12.00
# Visual Studio Version 17
VisualStudioVersion = 17.6.33815.320
MinimumVisualStudioVersion = 10.0.40219.1
Project("{FAE04EC0-301F-11D3-BF4B-00C04F79EFBC}") = "DropDown", "DropDown\DropDown.csproj", "{78AD4393-8044-4FA5-BAFB-2788A2B2DBFE}"
EndProject
Global
	GlobalSection(SolutionConfigurationPlatforms) = preSolution
		Debug|Any CPU = Debug|Any CPU
		Release|Any CPU = Release|Any CPU
	EndGlobalSection
	GlobalSection(ProjectConfigurationPlatforms) = postSolution
		{78AD4393-8044-4FA5-BAFB-2788A2B2DBFE}.Debug|Any CPU.ActiveCfg = Debug|Any CPU
		{78AD4393-8044-4FA5-BAFB-2788A2B2DBFE}.Debug|Any CPU.Build.0 = Debug|Any CPU
		{78AD4393-8044-4FA5-BAFB-2788A2B2DBFE}.Release|Any CPU.ActiveCfg = Release|Any CPU
		{78AD4393-8044-4FA5-BAFB-2788A2B2DBFE}.Release|Any CPU.Build.0 = Release|Any CPU
	EndGlobalSection
	GlobalSection(SolutionProperties) = preSolution
		HideSolutionNode = FALSE
	EndGlobalSection
	GlobalSection(ExtensibilityGlobals) = postSolution
		SolutionGuid = {A4A380AF-C260-4A76-B281-2F8104C832C9}
	EndGlobalSection
EndGlobal
