
Microsoft Visual Studio Solution File, Format Version 12.00
# Visual Studio Version 17
VisualStudioVersion = 17.6.33717.318
MinimumVisualStudioVersion = 10.0.40219.1
Project("{FAE04EC0-301F-11D3-BF4B-00C04F79EFBC}") = "Fendahl2", "Fendahl2\Fendahl2.csproj", "{1BAEFF27-8CEB-4F86-9C23-379A24A2464C}"
EndProject
Global
	GlobalSection(SolutionConfigurationPlatforms) = preSolution
		Debug|Any CPU = Debug|Any CPU
		Release|Any CPU = Release|Any CPU
	EndGlobalSection
	GlobalSection(ProjectConfigurationPlatforms) = postSolution
		{1BAEFF27-8CEB-4F86-9C23-379A24A2464C}.Debug|Any CPU.ActiveCfg = Debug|Any CPU
		{1BAEFF27-8CEB-4F86-9C23-379A24A2464C}.Debug|Any CPU.Build.0 = Debug|Any CPU
		{1BAEFF27-8CEB-4F86-9C23-379A24A2464C}.Release|Any CPU.ActiveCfg = Release|Any CPU
		{1BAEFF27-8CEB-4F86-9C23-379A24A2464C}.Release|Any CPU.Build.0 = Release|Any CPU
	EndGlobalSection
	GlobalSection(SolutionProperties) = preSolution
		HideSolutionNode = FALSE
	EndGlobalSection
	GlobalSection(ExtensibilityGlobals) = postSolution
		SolutionGuid = {90117C08-47F4-4C2F-8603-300C7DAB2F88}
	EndGlobalSection
EndGlobal
