
Microsoft Visual Studio Solution File, Format Version 12.00
# Visual Studio Version 17
VisualStudioVersion = 17.5.33516.290
MinimumVisualStudioVersion = 10.0.40219.1
Project("{FAE04EC0-301F-11D3-BF4B-00C04F79EFBC}") = "59 continue statment example", "59 continue statment example.csproj", "{8DCA6417-819A-4FFF-9ADC-A85E1B952582}"
EndProject
Global
	GlobalSection(SolutionConfigurationPlatforms) = preSolution
		Debug|Any CPU = Debug|Any CPU
		Release|Any CPU = Release|Any CPU
	EndGlobalSection
	GlobalSection(ProjectConfigurationPlatforms) = postSolution
		{8DCA6417-819A-4FFF-9ADC-A85E1B952582}.Debug|Any CPU.ActiveCfg = Debug|Any CPU
		{8DCA6417-819A-4FFF-9ADC-A85E1B952582}.Debug|Any CPU.Build.0 = Debug|Any CPU
		{8DCA6417-819A-4FFF-9ADC-A85E1B952582}.Release|Any CPU.ActiveCfg = Release|Any CPU
		{8DCA6417-819A-4FFF-9ADC-A85E1B952582}.Release|Any CPU.Build.0 = Release|Any CPU
	EndGlobalSection
	GlobalSection(SolutionProperties) = preSolution
		HideSolutionNode = FALSE
	EndGlobalSection
	GlobalSection(ExtensibilityGlobals) = postSolution
		SolutionGuid = {91E85AFA-A4D3-4AF3-9B7C-2E23C776C1A6}
	EndGlobalSection
EndGlobal
