
Microsoft Visual Studio Solution File, Format Version 12.00
# Visual Studio Version 17
VisualStudioVersion = 17.6.33815.320
MinimumVisualStudioVersion = 10.0.40219.1
Project("{FAE04EC0-301F-11D3-BF4B-00C04F79EFBC}") = "Accept Two Numbers and perform operation on it", "Accept Two Numbers and perform operation on it\Accept Two Numbers and perform operation on it.csproj", "{7C4F2DC2-F175-4F0F-808A-17DA2949C43E}"
EndProject
Global
	GlobalSection(SolutionConfigurationPlatforms) = preSolution
		Debug|Any CPU = Debug|Any CPU
		Release|Any CPU = Release|Any CPU
	EndGlobalSection
	GlobalSection(ProjectConfigurationPlatforms) = postSolution
		{7C4F2DC2-F175-4F0F-808A-17DA2949C43E}.Debug|Any CPU.ActiveCfg = Debug|Any CPU
		{7C4F2DC2-F175-4F0F-808A-17DA2949C43E}.Debug|Any CPU.Build.0 = Debug|Any CPU
		{7C4F2DC2-F175-4F0F-808A-17DA2949C43E}.Release|Any CPU.ActiveCfg = Release|Any CPU
		{7C4F2DC2-F175-4F0F-808A-17DA2949C43E}.Release|Any CPU.Build.0 = Release|Any CPU
	EndGlobalSection
	GlobalSection(SolutionProperties) = preSolution
		HideSolutionNode = FALSE
	EndGlobalSection
	GlobalSection(ExtensibilityGlobals) = postSolution
		SolutionGuid = {6583DE11-077D-4DFA-B37D-3388F2AE2215}
	EndGlobalSection
EndGlobal
