
Microsoft Visual Studio Solution File, Format Version 12.00
# Visual Studio Version 17
VisualStudioVersion = 17.5.33516.290
MinimumVisualStudioVersion = 10.0.40219.1
Project("{FAE04EC0-301F-11D3-BF4B-00C04F79EFBC}") = "sample", "sample.csproj", "{F49867EF-2B52-4571-8348-1C9A3770DAF2}"
EndProject
Global
	GlobalSection(SolutionConfigurationPlatforms) = preSolution
		Debug|Any CPU = Debug|Any CPU
		Release|Any CPU = Release|Any CPU
	EndGlobalSection
	GlobalSection(ProjectConfigurationPlatforms) = postSolution
		{F49867EF-2B52-4571-8348-1C9A3770DAF2}.Debug|Any CPU.ActiveCfg = Debug|Any CPU
		{F49867EF-2B52-4571-8348-1C9A3770DAF2}.Debug|Any CPU.Build.0 = Debug|Any CPU
		{F49867EF-2B52-4571-8348-1C9A3770DAF2}.Release|Any CPU.ActiveCfg = Release|Any CPU
		{F49867EF-2B52-4571-8348-1C9A3770DAF2}.Release|Any CPU.Build.0 = Release|Any CPU
	EndGlobalSection
	GlobalSection(SolutionProperties) = preSolution
		HideSolutionNode = FALSE
	EndGlobalSection
	GlobalSection(ExtensibilityGlobals) = postSolution
		SolutionGuid = {7EFAA5CA-4B91-42A6-8633-8EE1570A2840}
	EndGlobalSection
EndGlobal
