
Microsoft Visual Studio Solution File, Format Version 12.00
# Visual Studio Version 17
VisualStudioVersion = 17.5.33502.453
MinimumVisualStudioVersion = 10.0.40219.1
Project("{FAE04EC0-301F-11D3-BF4B-00C04F79EFBC}") = "accept 3 subject marks and print total percentage and grades", "accept 3 subject marks and print total percentage and grades.csproj", "{B1592192-8A87-4CA1-90DB-85371A9B00BC}"
EndProject
Global
	GlobalSection(SolutionConfigurationPlatforms) = preSolution
		Debug|Any CPU = Debug|Any CPU
		Release|Any CPU = Release|Any CPU
	EndGlobalSection
	GlobalSection(ProjectConfigurationPlatforms) = postSolution
		{B1592192-8A87-4CA1-90DB-85371A9B00BC}.Debug|Any CPU.ActiveCfg = Debug|Any CPU
		{B1592192-8A87-4CA1-90DB-85371A9B00BC}.Debug|Any CPU.Build.0 = Debug|Any CPU
		{B1592192-8A87-4CA1-90DB-85371A9B00BC}.Release|Any CPU.ActiveCfg = Release|Any CPU
		{B1592192-8A87-4CA1-90DB-85371A9B00BC}.Release|Any CPU.Build.0 = Release|Any CPU
	EndGlobalSection
	GlobalSection(SolutionProperties) = preSolution
		HideSolutionNode = FALSE
	EndGlobalSection
	GlobalSection(ExtensibilityGlobals) = postSolution
		SolutionGuid = {73C92092-AC42-40D6-9749-6BE66E7112C3}
	EndGlobalSection
EndGlobal
