
Microsoft Visual Studio Solution File, Format Version 12.00
# Visual Studio Version 17
VisualStudioVersion = 17.5.33502.453
MinimumVisualStudioVersion = 10.0.40219.1
Project("{FAE04EC0-301F-11D3-BF4B-00C04F79EFBC}") = "9 accept character from user", "9 accept character from user.csproj", "{2E52F135-870B-4113-8542-8A358F555CDD}"
EndProject
Global
	GlobalSection(SolutionConfigurationPlatforms) = preSolution
		Debug|Any CPU = Debug|Any CPU
		Release|Any CPU = Release|Any CPU
	EndGlobalSection
	GlobalSection(ProjectConfigurationPlatforms) = postSolution
		{2E52F135-870B-4113-8542-8A358F555CDD}.Debug|Any CPU.ActiveCfg = Debug|Any CPU
		{2E52F135-870B-4113-8542-8A358F555CDD}.Debug|Any CPU.Build.0 = Debug|Any CPU
		{2E52F135-870B-4113-8542-8A358F555CDD}.Release|Any CPU.ActiveCfg = Release|Any CPU
		{2E52F135-870B-4113-8542-8A358F555CDD}.Release|Any CPU.Build.0 = Release|Any CPU
	EndGlobalSection
	GlobalSection(SolutionProperties) = preSolution
		HideSolutionNode = FALSE
	EndGlobalSection
	GlobalSection(ExtensibilityGlobals) = postSolution
		SolutionGuid = {D50F8A68-8A91-45D0-A021-024BC26688B1}
	EndGlobalSection
EndGlobal
