
Microsoft Visual Studio Solution File, Format Version 12.00
# Visual Studio Version 17
VisualStudioVersion = 17.5.33516.290
MinimumVisualStudioVersion = 10.0.40219.1
Project("{FAE04EC0-301F-11D3-BF4B-00C04F79EFBC}") = "52 display trable of number by using method and parameters", "52 display trable of number by using method and parameters.csproj", "{0EE4E842-B30D-4974-86B1-FD378ABD72D1}"
EndProject
Global
	GlobalSection(SolutionConfigurationPlatforms) = preSolution
		Debug|Any CPU = Debug|Any CPU
		Release|Any CPU = Release|Any CPU
	EndGlobalSection
	GlobalSection(ProjectConfigurationPlatforms) = postSolution
		{0EE4E842-B30D-4974-86B1-FD378ABD72D1}.Debug|Any CPU.ActiveCfg = Debug|Any CPU
		{0EE4E842-B30D-4974-86B1-FD378ABD72D1}.Debug|Any CPU.Build.0 = Debug|Any CPU
		{0EE4E842-B30D-4974-86B1-FD378ABD72D1}.Release|Any CPU.ActiveCfg = Release|Any CPU
		{0EE4E842-B30D-4974-86B1-FD378ABD72D1}.Release|Any CPU.Build.0 = Release|Any CPU
	EndGlobalSection
	GlobalSection(SolutionProperties) = preSolution
		HideSolutionNode = FALSE
	EndGlobalSection
	GlobalSection(ExtensibilityGlobals) = postSolution
		SolutionGuid = {313FC17F-9770-4D19-975F-102CB43810C2}
	EndGlobalSection
EndGlobal
