
Microsoft Visual Studio Solution File, Format Version 12.00
# Visual Studio Version 17
VisualStudioVersion = 17.5.33530.505
MinimumVisualStudioVersion = 10.0.40219.1
Project("{FAE04EC0-301F-11D3-BF4B-00C04F79EFBC}") = "ado.net2", "ado.net2\ado.net2.csproj", "{FEAE4C48-2454-46E2-A09F-23975D32F1C0}"
EndProject
Global
	GlobalSection(SolutionConfigurationPlatforms) = preSolution
		Debug|Any CPU = Debug|Any CPU
		Release|Any CPU = Release|Any CPU
	EndGlobalSection
	GlobalSection(ProjectConfigurationPlatforms) = postSolution
		{FEAE4C48-2454-46E2-A09F-23975D32F1C0}.Debug|Any CPU.ActiveCfg = Debug|Any CPU
		{FEAE4C48-2454-46E2-A09F-23975D32F1C0}.Debug|Any CPU.Build.0 = Debug|Any CPU
		{FEAE4C48-2454-46E2-A09F-23975D32F1C0}.Release|Any CPU.ActiveCfg = Release|Any CPU
		{FEAE4C48-2454-46E2-A09F-23975D32F1C0}.Release|Any CPU.Build.0 = Release|Any CPU
	EndGlobalSection
	GlobalSection(SolutionProperties) = preSolution
		HideSolutionNode = FALSE
	EndGlobalSection
	GlobalSection(ExtensibilityGlobals) = postSolution
		SolutionGuid = {BD35B76C-C98D-417A-BB24-619B3798ADCE}
	EndGlobalSection
EndGlobal
