
Microsoft Visual Studio Solution File, Format Version 12.00
# Visual Studio Version 17
VisualStudioVersion = 17.5.33502.453
MinimumVisualStudioVersion = 10.0.40219.1
Project("{FAE04EC0-301F-11D3-BF4B-00C04F79EFBC}") = "26 accept empno,salary,and calculate hra &da and display total salary", "26 accept empno,salary,and calculate hra &da and display total salary.csproj", "{06EF41A1-1429-450A-A747-848051498A72}"
EndProject
Global
	GlobalSection(SolutionConfigurationPlatforms) = preSolution
		Debug|Any CPU = Debug|Any CPU
		Release|Any CPU = Release|Any CPU
	EndGlobalSection
	GlobalSection(ProjectConfigurationPlatforms) = postSolution
		{06EF41A1-1429-450A-A747-848051498A72}.Debug|Any CPU.ActiveCfg = Debug|Any CPU
		{06EF41A1-1429-450A-A747-848051498A72}.Debug|Any CPU.Build.0 = Debug|Any CPU
		{06EF41A1-1429-450A-A747-848051498A72}.Release|Any CPU.ActiveCfg = Release|Any CPU
		{06EF41A1-1429-450A-A747-848051498A72}.Release|Any CPU.Build.0 = Release|Any CPU
	EndGlobalSection
	GlobalSection(SolutionProperties) = preSolution
		HideSolutionNode = FALSE
	EndGlobalSection
	GlobalSection(ExtensibilityGlobals) = postSolution
		SolutionGuid = {AE78544C-6292-4D2B-BB44-E352C422A42F}
	EndGlobalSection
EndGlobal
