
Microsoft Visual Studio Solution File, Format Version 12.00
# Visual Studio Version 17
VisualStudioVersion = 17.5.33516.290
MinimumVisualStudioVersion = 10.0.40219.1
Project("{FAE04EC0-301F-11D3-BF4B-00C04F79EFBC}") = "33 wap to accept no & print table of that number using do while", "33 wap to accept no & print table of that number using do while.csproj", "{F42480D0-37CF-4E30-BA8E-549EBD5F1970}"
EndProject
Global
	GlobalSection(SolutionConfigurationPlatforms) = preSolution
		Debug|Any CPU = Debug|Any CPU
		Release|Any CPU = Release|Any CPU
	EndGlobalSection
	GlobalSection(ProjectConfigurationPlatforms) = postSolution
		{F42480D0-37CF-4E30-BA8E-549EBD5F1970}.Debug|Any CPU.ActiveCfg = Debug|Any CPU
		{F42480D0-37CF-4E30-BA8E-549EBD5F1970}.Debug|Any CPU.Build.0 = Debug|Any CPU
		{F42480D0-37CF-4E30-BA8E-549EBD5F1970}.Release|Any CPU.ActiveCfg = Release|Any CPU
		{F42480D0-37CF-4E30-BA8E-549EBD5F1970}.Release|Any CPU.Build.0 = Release|Any CPU
	EndGlobalSection
	GlobalSection(SolutionProperties) = preSolution
		HideSolutionNode = FALSE
	EndGlobalSection
	GlobalSection(ExtensibilityGlobals) = postSolution
		SolutionGuid = {7B220FEC-D388-432E-AE96-8C5C2599B208}
	EndGlobalSection
EndGlobal
