
Microsoft Visual Studio Solution File, Format Version 12.00
# Visual Studio Version 17
VisualStudioVersion = 17.5.33516.290
MinimumVisualStudioVersion = 10.0.40219.1
Project("{FAE04EC0-301F-11D3-BF4B-00C04F79EFBC}") = "method overirding", "method overirding.csproj", "{B8DC9A49-102A-43AC-98D7-6E11C38252F3}"
EndProject
Global
	GlobalSection(SolutionConfigurationPlatforms) = preSolution
		Debug|Any CPU = Debug|Any CPU
		Release|Any CPU = Release|Any CPU
	EndGlobalSection
	GlobalSection(ProjectConfigurationPlatforms) = postSolution
		{B8DC9A49-102A-43AC-98D7-6E11C38252F3}.Debug|Any CPU.ActiveCfg = Debug|Any CPU
		{B8DC9A49-102A-43AC-98D7-6E11C38252F3}.Debug|Any CPU.Build.0 = Debug|Any CPU
		{B8DC9A49-102A-43AC-98D7-6E11C38252F3}.Release|Any CPU.ActiveCfg = Release|Any CPU
		{B8DC9A49-102A-43AC-98D7-6E11C38252F3}.Release|Any CPU.Build.0 = Release|Any CPU
	EndGlobalSection
	GlobalSection(SolutionProperties) = preSolution
		HideSolutionNode = FALSE
	EndGlobalSection
	GlobalSection(ExtensibilityGlobals) = postSolution
		SolutionGuid = {DCAB03EE-B8CC-4C1C-A125-99D30C1AAE1A}
	EndGlobalSection
EndGlobal
