
Microsoft Visual Studio Solution File, Format Version 12.00
# Visual Studio Version 17
VisualStudioVersion = 17.5.33516.290
MinimumVisualStudioVersion = 10.0.40219.1
Project("{FAE04EC0-301F-11D3-BF4B-00C04F79EFBC}") = "single inheritance with protected 2", "single inheritance with protected 2.csproj", "{62AEFA04-9781-4914-B9DE-8B5FB0DBA87D}"
EndProject
Global
	GlobalSection(SolutionConfigurationPlatforms) = preSolution
		Debug|Any CPU = Debug|Any CPU
		Release|Any CPU = Release|Any CPU
	EndGlobalSection
	GlobalSection(ProjectConfigurationPlatforms) = postSolution
		{62AEFA04-9781-4914-B9DE-8B5FB0DBA87D}.Debug|Any CPU.ActiveCfg = Debug|Any CPU
		{62AEFA04-9781-4914-B9DE-8B5FB0DBA87D}.Debug|Any CPU.Build.0 = Debug|Any CPU
		{62AEFA04-9781-4914-B9DE-8B5FB0DBA87D}.Release|Any CPU.ActiveCfg = Release|Any CPU
		{62AEFA04-9781-4914-B9DE-8B5FB0DBA87D}.Release|Any CPU.Build.0 = Release|Any CPU
	EndGlobalSection
	GlobalSection(SolutionProperties) = preSolution
		HideSolutionNode = FALSE
	EndGlobalSection
	GlobalSection(ExtensibilityGlobals) = postSolution
		SolutionGuid = {8BED89F5-99A1-464D-BBF3-7F2363078632}
	EndGlobalSection
EndGlobal
