
Microsoft Visual Studio Solution File, Format Version 12.00
# Visual Studio Version 17
VisualStudioVersion = 17.5.33530.505
MinimumVisualStudioVersion = 10.0.40219.1
Project("{FAE04EC0-301F-11D3-BF4B-00C04F79EFBC}") = "ado.net 17-5-23", "ado.net 17-5-23\ado.net 17-5-23.csproj", "{517F7817-18C7-41C6-9CB5-9B809479AEE9}"
EndProject
Global
	GlobalSection(SolutionConfigurationPlatforms) = preSolution
		Debug|Any CPU = Debug|Any CPU
		Release|Any CPU = Release|Any CPU
	EndGlobalSection
	GlobalSection(ProjectConfigurationPlatforms) = postSolution
		{517F7817-18C7-41C6-9CB5-9B809479AEE9}.Debug|Any CPU.ActiveCfg = Debug|Any CPU
		{517F7817-18C7-41C6-9CB5-9B809479AEE9}.Debug|Any CPU.Build.0 = Debug|Any CPU
		{517F7817-18C7-41C6-9CB5-9B809479AEE9}.Release|Any CPU.ActiveCfg = Release|Any CPU
		{517F7817-18C7-41C6-9CB5-9B809479AEE9}.Release|Any CPU.Build.0 = Release|Any CPU
	EndGlobalSection
	GlobalSection(SolutionProperties) = preSolution
		HideSolutionNode = FALSE
	EndGlobalSection
	GlobalSection(ExtensibilityGlobals) = postSolution
		SolutionGuid = {F08A151C-6D91-4E9E-8125-679D01616130}
	EndGlobalSection
EndGlobal
