
Microsoft Visual Studio Solution File, Format Version 12.00
# Visual Studio Version 17
VisualStudioVersion = 17.6.33815.320
MinimumVisualStudioVersion = 10.0.40219.1
Project("{FAE04EC0-301F-11D3-BF4B-00C04F79EFBC}") = "Using checkbox to controller", "Using checkbox to controller\Using checkbox to controller.csproj", "{0B625F68-C674-47E0-8DFC-7257EBA6E581}"
EndProject
Global
	GlobalSection(SolutionConfigurationPlatforms) = preSolution
		Debug|Any CPU = Debug|Any CPU
		Release|Any CPU = Release|Any CPU
	EndGlobalSection
	GlobalSection(ProjectConfigurationPlatforms) = postSolution
		{0B625F68-C674-47E0-8DFC-7257EBA6E581}.Debug|Any CPU.ActiveCfg = Debug|Any CPU
		{0B625F68-C674-47E0-8DFC-7257EBA6E581}.Debug|Any CPU.Build.0 = Debug|Any CPU
		{0B625F68-C674-47E0-8DFC-7257EBA6E581}.Release|Any CPU.ActiveCfg = Release|Any CPU
		{0B625F68-C674-47E0-8DFC-7257EBA6E581}.Release|Any CPU.Build.0 = Release|Any CPU
	EndGlobalSection
	GlobalSection(SolutionProperties) = preSolution
		HideSolutionNode = FALSE
	EndGlobalSection
	GlobalSection(ExtensibilityGlobals) = postSolution
		SolutionGuid = {595DBCF2-2736-4767-B5B4-D2572528B202}
	EndGlobalSection
EndGlobal
