
Microsoft Visual Studio Solution File, Format Version 12.00
# Visual Studio Version 17
VisualStudioVersion = 17.5.33516.290
MinimumVisualStudioVersion = 10.0.40219.1
Project("{FAE04EC0-301F-11D3-BF4B-00C04F79EFBC}") = "single inheritance assignment 2", "single inheritance assignment 2.csproj", "{002F6430-7053-4A09-8312-85C6DA58BDCD}"
EndProject
Global
	GlobalSection(SolutionConfigurationPlatforms) = preSolution
		Debug|Any CPU = Debug|Any CPU
		Release|Any CPU = Release|Any CPU
	EndGlobalSection
	GlobalSection(ProjectConfigurationPlatforms) = postSolution
		{002F6430-7053-4A09-8312-85C6DA58BDCD}.Debug|Any CPU.ActiveCfg = Debug|Any CPU
		{002F6430-7053-4A09-8312-85C6DA58BDCD}.Debug|Any CPU.Build.0 = Debug|Any CPU
		{002F6430-7053-4A09-8312-85C6DA58BDCD}.Release|Any CPU.ActiveCfg = Release|Any CPU
		{002F6430-7053-4A09-8312-85C6DA58BDCD}.Release|Any CPU.Build.0 = Release|Any CPU
	EndGlobalSection
	GlobalSection(SolutionProperties) = preSolution
		HideSolutionNode = FALSE
	EndGlobalSection
	GlobalSection(ExtensibilityGlobals) = postSolution
		SolutionGuid = {BCFBF228-8709-42A4-94B9-F7698EB624F1}
	EndGlobalSection
EndGlobal
