
Microsoft Visual Studio Solution File, Format Version 12.00
# Visual Studio Version 17
VisualStudioVersion = 17.6.33815.320
MinimumVisualStudioVersion = 10.0.40219.1
Project("{FAE04EC0-301F-11D3-BF4B-00C04F79EFBC}") = "BankTransaction", "BankTransaction\BankTransaction.csproj", "{4255552F-56E8-4F6E-A078-76ABE95ADE13}"
EndProject
Global
	GlobalSection(SolutionConfigurationPlatforms) = preSolution
		Debug|Any CPU = Debug|Any CPU
		Release|Any CPU = Release|Any CPU
	EndGlobalSection
	GlobalSection(ProjectConfigurationPlatforms) = postSolution
		{4255552F-56E8-4F6E-A078-76ABE95ADE13}.Debug|Any CPU.ActiveCfg = Debug|Any CPU
		{4255552F-56E8-4F6E-A078-76ABE95ADE13}.Debug|Any CPU.Build.0 = Debug|Any CPU
		{4255552F-56E8-4F6E-A078-76ABE95ADE13}.Release|Any CPU.ActiveCfg = Release|Any CPU
		{4255552F-56E8-4F6E-A078-76ABE95ADE13}.Release|Any CPU.Build.0 = Release|Any CPU
	EndGlobalSection
	GlobalSection(SolutionProperties) = preSolution
		HideSolutionNode = FALSE
	EndGlobalSection
	GlobalSection(ExtensibilityGlobals) = postSolution
		SolutionGuid = {FBCF241A-7EA0-440E-853A-AD408D203D94}
	EndGlobalSection
EndGlobal
