
Microsoft Visual Studio Solution File, Format Version 12.00
# Visual Studio Version 17
VisualStudioVersion = 17.6.33723.286
MinimumVisualStudioVersion = 10.0.40219.1
Project("{FAE04EC0-301F-11D3-BF4B-00C04F79EFBC}") = "ASP 19 State Management", "ASP 19 State Management\ASP 19 State Management.csproj", "{830F987B-F770-4B33-ACF5-A14619B28950}"
EndProject
Global
	GlobalSection(SolutionConfigurationPlatforms) = preSolution
		Debug|Any CPU = Debug|Any CPU
		Release|Any CPU = Release|Any CPU
	EndGlobalSection
	GlobalSection(ProjectConfigurationPlatforms) = postSolution
		{830F987B-F770-4B33-ACF5-A14619B28950}.Debug|Any CPU.ActiveCfg = Debug|Any CPU
		{830F987B-F770-4B33-ACF5-A14619B28950}.Debug|Any CPU.Build.0 = Debug|Any CPU
		{830F987B-F770-4B33-ACF5-A14619B28950}.Release|Any CPU.ActiveCfg = Release|Any CPU
		{830F987B-F770-4B33-ACF5-A14619B28950}.Release|Any CPU.Build.0 = Release|Any CPU
	EndGlobalSection
	GlobalSection(SolutionProperties) = preSolution
		HideSolutionNode = FALSE
	EndGlobalSection
	GlobalSection(ExtensibilityGlobals) = postSolution
		SolutionGuid = {198FE716-3FF5-4E10-8DF8-D85FC163188B}
	EndGlobalSection
EndGlobal
