
Microsoft Visual Studio Solution File, Format Version 12.00
# Visual Studio Version 17
VisualStudioVersion = 17.6.33801.468
MinimumVisualStudioVersion = 10.0.40219.1
Project("{FAE04EC0-301F-11D3-BF4B-00C04F79EFBC}") = "Task Management", "Task Management\Task Management.csproj", "{EF0906AC-13F3-4BD5-85E0-919972D098CE}"
EndProject
Global
	GlobalSection(SolutionConfigurationPlatforms) = preSolution
		Debug|Any CPU = Debug|Any CPU
		Release|Any CPU = Release|Any CPU
	EndGlobalSection
	GlobalSection(ProjectConfigurationPlatforms) = postSolution
		{EF0906AC-13F3-4BD5-85E0-919972D098CE}.Debug|Any CPU.ActiveCfg = Debug|Any CPU
		{EF0906AC-13F3-4BD5-85E0-919972D098CE}.Debug|Any CPU.Build.0 = Debug|Any CPU
		{EF0906AC-13F3-4BD5-85E0-919972D098CE}.Release|Any CPU.ActiveCfg = Release|Any CPU
		{EF0906AC-13F3-4BD5-85E0-919972D098CE}.Release|Any CPU.Build.0 = Release|Any CPU
	EndGlobalSection
	GlobalSection(SolutionProperties) = preSolution
		HideSolutionNode = FALSE
	EndGlobalSection
	GlobalSection(ExtensibilityGlobals) = postSolution
		SolutionGuid = {0CB2CCAE-60B8-4298-81FA-02201AC0CBBF}
	EndGlobalSection
EndGlobal
