
Microsoft Visual Studio Solution File, Format Version 12.00
# Visual Studio Version 17
VisualStudioVersion = 17.5.33530.505
MinimumVisualStudioVersion = 10.0.40219.1
Project("{FAE04EC0-301F-11D3-BF4B-00C04F79EFBC}") = "civika ado .net", "civika ado .net\civika ado .net.csproj", "{1AC1179B-B263-4142-8D95-74E9DE8F6A4D}"
EndProject
Global
	GlobalSection(SolutionConfigurationPlatforms) = preSolution
		Debug|Any CPU = Debug|Any CPU
		Release|Any CPU = Release|Any CPU
	EndGlobalSection
	GlobalSection(ProjectConfigurationPlatforms) = postSolution
		{1AC1179B-B263-4142-8D95-74E9DE8F6A4D}.Debug|Any CPU.ActiveCfg = Debug|Any CPU
		{1AC1179B-B263-4142-8D95-74E9DE8F6A4D}.Debug|Any CPU.Build.0 = Debug|Any CPU
		{1AC1179B-B263-4142-8D95-74E9DE8F6A4D}.Release|Any CPU.ActiveCfg = Release|Any CPU
		{1AC1179B-B263-4142-8D95-74E9DE8F6A4D}.Release|Any CPU.Build.0 = Release|Any CPU
	EndGlobalSection
	GlobalSection(SolutionProperties) = preSolution
		HideSolutionNode = FALSE
	EndGlobalSection
	GlobalSection(ExtensibilityGlobals) = postSolution
		SolutionGuid = {4C64D05F-65EF-47C9-921A-46D4C6744541}
	EndGlobalSection
EndGlobal
