
Microsoft Visual Studio Solution File, Format Version 12.00
# Visual Studio Version 17
VisualStudioVersion = 17.5.33516.290
MinimumVisualStudioVersion = 10.0.40219.1
Project("{FAE04EC0-301F-11D3-BF4B-00C04F79EFBC}") = "calculator", "calculator.csproj", "{34D23F8B-97FF-45B5-9456-06C08879233C}"
EndProject
Global
	GlobalSection(SolutionConfigurationPlatforms) = preSolution
		Debug|Any CPU = Debug|Any CPU
		Release|Any CPU = Release|Any CPU
	EndGlobalSection
	GlobalSection(ProjectConfigurationPlatforms) = postSolution
		{34D23F8B-97FF-45B5-9456-06C08879233C}.Debug|Any CPU.ActiveCfg = Debug|Any CPU
		{34D23F8B-97FF-45B5-9456-06C08879233C}.Debug|Any CPU.Build.0 = Debug|Any CPU
		{34D23F8B-97FF-45B5-9456-06C08879233C}.Release|Any CPU.ActiveCfg = Release|Any CPU
		{34D23F8B-97FF-45B5-9456-06C08879233C}.Release|Any CPU.Build.0 = Release|Any CPU
	EndGlobalSection
	GlobalSection(SolutionProperties) = preSolution
		HideSolutionNode = FALSE
	EndGlobalSection
	GlobalSection(ExtensibilityGlobals) = postSolution
		SolutionGuid = {7A860FDC-7FD7-4D52-9A11-A7EF26223D2C}
	EndGlobalSection
EndGlobal
