
Microsoft Visual Studio Solution File, Format Version 12.00
# Visual Studio Version 17
VisualStudioVersion = 17.5.33530.505
MinimumVisualStudioVersion = 10.0.40219.1
Project("{FAE04EC0-301F-11D3-BF4B-00C04F79EFBC}") = "enum example 4", "enum example 4\enum example 4.csproj", "{D75C64AF-65AE-4DFB-9416-08270C06E739}"
EndProject
Global
	GlobalSection(SolutionConfigurationPlatforms) = preSolution
		Debug|Any CPU = Debug|Any CPU
		Release|Any CPU = Release|Any CPU
	EndGlobalSection
	GlobalSection(ProjectConfigurationPlatforms) = postSolution
		{D75C64AF-65AE-4DFB-9416-08270C06E739}.Debug|Any CPU.ActiveCfg = Debug|Any CPU
		{D75C64AF-65AE-4DFB-9416-08270C06E739}.Debug|Any CPU.Build.0 = Debug|Any CPU
		{D75C64AF-65AE-4DFB-9416-08270C06E739}.Release|Any CPU.ActiveCfg = Release|Any CPU
		{D75C64AF-65AE-4DFB-9416-08270C06E739}.Release|Any CPU.Build.0 = Release|Any CPU
	EndGlobalSection
	GlobalSection(SolutionProperties) = preSolution
		HideSolutionNode = FALSE
	EndGlobalSection
	GlobalSection(ExtensibilityGlobals) = postSolution
		SolutionGuid = {CB280147-75D5-4D61-9CDA-86993DA563F8}
	EndGlobalSection
EndGlobal
