
Microsoft Visual Studio Solution File, Format Version 12.00
# Visual Studio Version 17
VisualStudioVersion = 17.5.33516.290
MinimumVisualStudioVersion = 10.0.40219.1
Project("{FAE04EC0-301F-11D3-BF4B-00C04F79EFBC}") = "27 display 1-10 nos using while loop", "27 display 1-10 nos using while loop.csproj", "{94E50276-C6FD-4082-8726-6E96698C3BCC}"
EndProject
Global
	GlobalSection(SolutionConfigurationPlatforms) = preSolution
		Debug|Any CPU = Debug|Any CPU
		Release|Any CPU = Release|Any CPU
	EndGlobalSection
	GlobalSection(ProjectConfigurationPlatforms) = postSolution
		{94E50276-C6FD-4082-8726-6E96698C3BCC}.Debug|Any CPU.ActiveCfg = Debug|Any CPU
		{94E50276-C6FD-4082-8726-6E96698C3BCC}.Debug|Any CPU.Build.0 = Debug|Any CPU
		{94E50276-C6FD-4082-8726-6E96698C3BCC}.Release|Any CPU.ActiveCfg = Release|Any CPU
		{94E50276-C6FD-4082-8726-6E96698C3BCC}.Release|Any CPU.Build.0 = Release|Any CPU
	EndGlobalSection
	GlobalSection(SolutionProperties) = preSolution
		HideSolutionNode = FALSE
	EndGlobalSection
	GlobalSection(ExtensibilityGlobals) = postSolution
		SolutionGuid = {9AB3F786-344C-4832-805E-E2E8D1953452}
	EndGlobalSection
EndGlobal
