
Microsoft Visual Studio Solution File, Format Version 12.00
# Visual Studio Version 17
VisualStudioVersion = 17.6.33815.320
MinimumVisualStudioVersion = 10.0.40219.1
Project("{FAE04EC0-301F-11D3-BF4B-00C04F79EFBC}") = "even odd", "even odd\even odd.csproj", "{F00A580B-971C-4A14-9E05-FAA05F934332}"
EndProject
Global
	GlobalSection(SolutionConfigurationPlatforms) = preSolution
		Debug|Any CPU = Debug|Any CPU
		Release|Any CPU = Release|Any CPU
	EndGlobalSection
	GlobalSection(ProjectConfigurationPlatforms) = postSolution
		{F00A580B-971C-4A14-9E05-FAA05F934332}.Debug|Any CPU.ActiveCfg = Debug|Any CPU
		{F00A580B-971C-4A14-9E05-FAA05F934332}.Debug|Any CPU.Build.0 = Debug|Any CPU
		{F00A580B-971C-4A14-9E05-FAA05F934332}.Release|Any CPU.ActiveCfg = Release|Any CPU
		{F00A580B-971C-4A14-9E05-FAA05F934332}.Release|Any CPU.Build.0 = Release|Any CPU
	EndGlobalSection
	GlobalSection(SolutionProperties) = preSolution
		HideSolutionNode = FALSE
	EndGlobalSection
	GlobalSection(ExtensibilityGlobals) = postSolution
		SolutionGuid = {87A12552-0C97-4740-9762-0DC5FB0504BF}
	EndGlobalSection
EndGlobal
