
Microsoft Visual Studio Solution File, Format Version 12.00
# Visual Studio Version 17
VisualStudioVersion = 17.5.33516.290
MinimumVisualStudioVersion = 10.0.40219.1
Project("{FAE04EC0-301F-11D3-BF4B-00C04F79EFBC}") = "30 wap to print 1-10 nos using for loop", "30 wap to print 1-10 nos using for loop.csproj", "{AC745ED8-F426-40F2-B0D2-4324659D3003}"
EndProject
Global
	GlobalSection(SolutionConfigurationPlatforms) = preSolution
		Debug|Any CPU = Debug|Any CPU
		Release|Any CPU = Release|Any CPU
	EndGlobalSection
	GlobalSection(ProjectConfigurationPlatforms) = postSolution
		{AC745ED8-F426-40F2-B0D2-4324659D3003}.Debug|Any CPU.ActiveCfg = Debug|Any CPU
		{AC745ED8-F426-40F2-B0D2-4324659D3003}.Debug|Any CPU.Build.0 = Debug|Any CPU
		{AC745ED8-F426-40F2-B0D2-4324659D3003}.Release|Any CPU.ActiveCfg = Release|Any CPU
		{AC745ED8-F426-40F2-B0D2-4324659D3003}.Release|Any CPU.Build.0 = Release|Any CPU
	EndGlobalSection
	GlobalSection(SolutionProperties) = preSolution
		HideSolutionNode = FALSE
	EndGlobalSection
	GlobalSection(ExtensibilityGlobals) = postSolution
		SolutionGuid = {06FAE8E7-213F-4AFB-B27B-A2CEBFB5759E}
	EndGlobalSection
EndGlobal
