
Microsoft Visual Studio Solution File, Format Version 12.00
# Visual Studio Version 17
VisualStudioVersion = 17.5.33516.290
MinimumVisualStudioVersion = 10.0.40219.1
Project("{FAE04EC0-301F-11D3-BF4B-00C04F79EFBC}") = "single inheritance using protected & internal", "single inheritance using protected & internal.csproj", "{7B9DB9EC-64E1-47B8-B872-1597A0DD734C}"
EndProject
Global
	GlobalSection(SolutionConfigurationPlatforms) = preSolution
		Debug|Any CPU = Debug|Any CPU
		Release|Any CPU = Release|Any CPU
	EndGlobalSection
	GlobalSection(ProjectConfigurationPlatforms) = postSolution
		{7B9DB9EC-64E1-47B8-B872-1597A0DD734C}.Debug|Any CPU.ActiveCfg = Debug|Any CPU
		{7B9DB9EC-64E1-47B8-B872-1597A0DD734C}.Debug|Any CPU.Build.0 = Debug|Any CPU
		{7B9DB9EC-64E1-47B8-B872-1597A0DD734C}.Release|Any CPU.ActiveCfg = Release|Any CPU
		{7B9DB9EC-64E1-47B8-B872-1597A0DD734C}.Release|Any CPU.Build.0 = Release|Any CPU
	EndGlobalSection
	GlobalSection(SolutionProperties) = preSolution
		HideSolutionNode = FALSE
	EndGlobalSection
	GlobalSection(ExtensibilityGlobals) = postSolution
		SolutionGuid = {F1E2EECE-A7E8-4FAE-B21E-F791F3AF350F}
	EndGlobalSection
EndGlobal
