
Microsoft Visual Studio Solution File, Format Version 12.00
# Visual Studio Version 17
VisualStudioVersion = 17.5.33530.505
MinimumVisualStudioVersion = 10.0.40219.1
Project("{FAE04EC0-301F-11D3-BF4B-00C04F79EFBC}") = "polymorphism example 1", "polymorphism example 1.csproj", "{BFF6FBC1-06DD-464A-9AA7-5B753D3E25BF}"
EndProject
Global
	GlobalSection(SolutionConfigurationPlatforms) = preSolution
		Debug|Any CPU = Debug|Any CPU
		Release|Any CPU = Release|Any CPU
	EndGlobalSection
	GlobalSection(ProjectConfigurationPlatforms) = postSolution
		{BFF6FBC1-06DD-464A-9AA7-5B753D3E25BF}.Debug|Any CPU.ActiveCfg = Debug|Any CPU
		{BFF6FBC1-06DD-464A-9AA7-5B753D3E25BF}.Debug|Any CPU.Build.0 = Debug|Any CPU
		{BFF6FBC1-06DD-464A-9AA7-5B753D3E25BF}.Release|Any CPU.ActiveCfg = Release|Any CPU
		{BFF6FBC1-06DD-464A-9AA7-5B753D3E25BF}.Release|Any CPU.Build.0 = Release|Any CPU
	EndGlobalSection
	GlobalSection(SolutionProperties) = preSolution
		HideSolutionNode = FALSE
	EndGlobalSection
	GlobalSection(ExtensibilityGlobals) = postSolution
		SolutionGuid = {E1895B4E-E20B-446A-84BD-A7F47117F2E5}
	EndGlobalSection
EndGlobal
